<?xml version="1.0" encoding="utf-8"?>
<Project ToolsVersion="4.0" xmlns="http://schemas.microsoft.com/developer/msbuild/2003">
  <ItemGroup>
    <Filter Include="Source Files">
      <UniqueIdentifier>{4FC737F1-C7A5-4376-A066-2A32D752A2FF}</UniqueIdentifier>
      <Extensions>cpp;c;cc;cxx;def;odl;idl;hpj;bat;asm;asmx</Extensions>
    </Filter>
    <Filter Include="Header Files">
      <UniqueIdentifier>{93995380-89BD-4b04-88EB-625FBE52EBFB}</UniqueIdentifier>
      <Extensions>h;hh;hpp;hxx;hm;inl;inc;xsd</Extensions>
    </Filter>
    <Filter Include="Resource Files">
      <UniqueIdentifier>{67DA6AB6-F800-4c08-8B7A-83BB121AAD01}</UniqueIdentifier>
      <Extensions>rc;ico;cur;bmp;dlg;rc2;rct;bin;rgs;gif;jpg;jpeg;jpe;resx;tiff;tif;png;wav;mfcribbon-ms</Extensions>
    </Filter>
    <Filter Include="Source Files\GUI">
      <UniqueIdentifier>{9594e5f0-ff99-4bf0-835e-d6d5b84edba7}</UniqueIdentifier>
    </Filter>
    <Filter Include="Header Files\GUI">
      <UniqueIdentifier>{cd42ea92-1530-4837-a5e7-7cbe5506c042}</UniqueIdentifier>
    </Filter>
    <Filter Include="Source Files\Algorithm">
      <UniqueIdentifier>{03906775-a8e1-4aa4-b469-62dc6f91b969}</UniqueIdentifier>
    </Filter>
    <Filter Include="Header Files\Algorithm">
      <UniqueIdentifier>{7c156098-ea0d-4946-8d28-353f4e16de62}</UniqueIdentifier>
    </Filter>
  </ItemGroup>
  <ItemGroup>
    <ClCompile Include="TextureAtlas.cpp">
      <Filter>Source Files</Filter>
    </ClCompile>
    <ClCompile Include="Hud\Gui.cpp">
      <Filter>Source Files\GUI</Filter>
    </ClCompile>
    <ClCompile Include="Algorithm\SortAlgorithm.cpp">
      <Filter>Source Files\Algorithm</Filter>
    </ClCompile>
    <ClCompile Include="Algorithm\SelectionSort.cpp">
      <Filter>Source Files\Algorithm</Filter>
    </ClCompile>
    <ClCompile Include="Algorithm\InsertionSort.cpp">
      <Filter>Source Files\Algorithm</Filter>
    </ClCompile>
    <ClCompile Include="Algorithm\BubbleSort.cpp">
      <Filter>Source Files\Algorithm</Filter>
    </ClCompile>
    <ClCompile Include="Hud\Slider.cpp">
      <Filter>Source Files\GUI</Filter>
    </ClCompile>
    <ClCompile Include="Hud\ItemList.cpp">
      <Filter>Source Files\GUI</Filter>
    </ClCompile>
    <ClCompile Include="Hud\GuiFactory.cpp">
      <Filter>Source Files\GUI</Filter>
    </ClCompile>
    <ClCompile Include="Hud\ToggleButton.cpp">
      <Filter>Source Files\GUI</Filter>
    </ClCompile>
    <ClCompile Include="Hud\TextButton.cpp">
      <Filter>Source Files\GUI</Filter>
    </ClCompile>
    <ClCompile Include="Hud\Widget.cpp">
      <Filter>Source Files\GUI</Filter>
    </ClCompile>
    <ClCompile Include="Graph\Bar.cpp">
      <Filter>Source Files</Filter>
    </ClCompile>
    <ClCompile Include="Graph\BarGraph.cpp">
      <Filter>Source Files</Filter>
    </ClCompile>
    <ClCompile Include="Graph\ShapeProperty.cpp">
      <Filter>Source Files</Filter>
    </ClCompile>
    <ClCompile Include="Algorithm\AlgorithmFactory.cpp">
      <Filter>Source Files\Algorithm</Filter>
    </ClCompile>
    <ClCompile Include="Util\Utils.cpp">
      <Filter>Source Files</Filter>
    </ClCompile>
    <ClCompile Include="Main\AlgorithmVisualise.cpp">
      <Filter>Source Files</Filter>
    </ClCompile>
    <ClCompile Include="Main\Main.cpp">
      <Filter>Source Files</Filter>
    </ClCompile>
    <ClCompile Include="Algorithm\MergeSort.cpp">
      <Filter>Source Files</Filter>
    </ClCompile>
  </ItemGroup>
  <ItemGroup>
    <ClInclude Include="TextureAtlas.h">
      <Filter>Header Files</Filter>
    </ClInclude>
    <ClInclude Include="Hud\Gui.h">
      <Filter>Header Files\GUI</Filter>
    </ClInclude>
    <ClInclude Include="Algorithm\SortAlgorithm.h">
      <Filter>Header Files\Algorithm</Filter>
    </ClInclude>
    <ClInclude Include="Algorithm\SelectionSort.h">
      <Filter>Header Files\Algorithm</Filter>
    </ClInclude>
    <ClInclude Include="Algorithm\InsertionSort.h">
      <Filter>Header Files\Algorithm</Filter>
    </ClInclude>
    <ClInclude Include="Algorithm\BubbleSort.h">
      <Filter>Header Files\Algorithm</Filter>
    </ClInclude>
    <ClInclude Include="Hud\Slider.h">
      <Filter>Header Files\GUI</Filter>
    </ClInclude>
    <ClInclude Include="Hud\ItemList.h">
      <Filter>Header Files\GUI</Filter>
    </ClInclude>
    <ClInclude Include="Hud\GuiFactory.h">
      <Filter>Header Files\GUI</Filter>
    </ClInclude>
    <ClInclude Include="Hud\ToggleButton.h">
      <Filter>Header Files\GUI</Filter>
    </ClInclude>
    <ClInclude Include="Hud\TextButton.h">
      <Filter>Header Files\GUI</Filter>
    </ClInclude>
    <ClInclude Include="Hud\Widget.h">
      <Filter>Header Files\GUI</Filter>
    </ClInclude>
    <ClInclude Include="Graph\Bar.h">
      <Filter>Header Files</Filter>
    </ClInclude>
    <ClInclude Include="Graph\BarGraph.h">
      <Filter>Header Files</Filter>
    </ClInclude>
    <ClInclude Include="Graph\ShapeProperty.h">
      <Filter>Header Files</Filter>
    </ClInclude>
    <ClInclude Include="Algorithm\AlgorithmFactory.h">
      <Filter>Header Files\Algorithm</Filter>
    </ClInclude>
    <ClInclude Include="Util\Utils.h">
      <Filter>Header Files</Filter>
    </ClInclude>
    <ClInclude Include="Main\AlgorithmVisualise.h">
      <Filter>Header Files\Algorithm</Filter>
    </ClInclude>
    <ClInclude Include="Algorithm\MergeSort.h">
      <Filter>Header Files</Filter>
    </ClInclude>
  </ItemGroup>
</Project>